
Microsoft Visual Studio Solution File, Format Version 12.00
# Visual Studio Version 16
VisualStudioVersion = 16.0.30611.23
MinimumVisualStudioVersion = 10.0.40219.1
Project("{9A19103F-16F7-4668-BE54-9A1E7A4F7556}") = "WhereToEat_Web", "WhereToEat_Web.csproj", "{EF9261B4-BC48-4B36-A7BD-444F6203A7E9}"
EndProject
Global
	GlobalSection(SolutionConfigurationPlatforms) = preSolution
		Debug|Any CPU = Debug|Any CPU
		Release|Any CPU = Release|Any CPU
	EndGlobalSection
	GlobalSection(ProjectConfigurationPlatforms) = postSolution
		{EF9261B4-BC48-4B36-A7BD-444F6203A7E9}.Debug|Any CPU.ActiveCfg = Debug|Any CPU
		{EF9261B4-BC48-4B36-A7BD-444F6203A7E9}.Debug|Any CPU.Build.0 = Debug|Any CPU
		{EF9261B4-BC48-4B36-A7BD-444F6203A7E9}.Release|Any CPU.ActiveCfg = Release|Any CPU
		{EF9261B4-BC48-4B36-A7BD-444F6203A7E9}.Release|Any CPU.Build.0 = Release|Any CPU
	EndGlobalSection
	GlobalSection(SolutionProperties) = preSolution
		HideSolutionNode = FALSE
	EndGlobalSection
	GlobalSection(ExtensibilityGlobals) = postSolution
		SolutionGuid = {3E8C5CDB-2E53-4CEE-9806-5246DED3E1DE}
	EndGlobalSection
EndGlobal
